// !$*UTF8*$!
{
	archiveVersion = 1;
	classes = {
	};
	objectVersion = 55;
	objects = {

/* Begin PBXBuildFile section */
		43CCEF94284476920061E894 /* AppDelegate.swift in Sources */ = {isa = PBXBuildFile; fileRef = 43CCEF93284476920061E894 /* AppDelegate.swift */; };
		43CCEF96284476920061E894 /* SceneDelegate.swift in Sources */ = {isa = PBXBuildFile; fileRef = 43CCEF95284476920061E894 /* SceneDelegate.swift */; };
		43CCEF98284476920061E894 /* ViewController.swift in Sources */ = {isa = PBXBuildFile; fileRef = 43CCEF97284476920061E894 /* ViewController.swift */; };
		43CCEF9B284476920061E894 /* Main.storyboard in Resources */ = {isa = PBXBuildFile; fileRef = 43CCEF99284476920061E894 /* Main.storyboard */; };
		43CCEF9D284476980061E894 /* Assets.xcassets in Resources */ = {isa = PBXBuildFile; fileRef = 43CCEF9C284476980061E894 /* Assets.xcassets */; };
		43CCEFA0284476980061E894 /* LaunchScreen.storyboard in Resources */ = {isa = PBXBuildFile; fileRef = 43CCEF9E284476980061E894 /* LaunchScreen.storyboard */; };
		43CCEFAC284479840061E894 /* MovieListCollectionViewCell.swift in Sources */ = {isa = PBXBuildFile; fileRef = 43CCEFAA284479840061E894 /* MovieListCollectionViewCell.swift */; };
		43CCEFAD284479840061E894 /* MovieListCollectionViewCell.xib in Resources */ = {isa = PBXBuildFile; fileRef = 43CCEFAB284479840061E894 /* MovieListCollectionViewCell.xib */; };
		43CCEFAF28447BAC0061E894 /* MovieListModel.swift in Sources */ = {isa = PBXBuildFile; fileRef = 43CCEFAE28447BAC0061E894 /* MovieListModel.swift */; };
		43CCEFB528447D680061E894 /* CONTENTLISTINGPAGE-PAGE3.json in Resources */ = {isa = PBXBuildFile; fileRef = 43CCEFB228447D680061E894 /* CONTENTLISTINGPAGE-PAGE3.json */; };
		43CCEFB728447D680061E894 /* CONTENTLISTINGPAGE-PAGE2.json in Resources */ = {isa = PBXBuildFile; fileRef = 43CCEFB428447D680061E894 /* CONTENTLISTINGPAGE-PAGE2.json */; };
		43CCEFBA284485640061E894 /* CONTENTLISTINGPAGE-PAGE1.json in Resources */ = {isa = PBXBuildFile; fileRef = 43CCEFB9284485640061E894 /* CONTENTLISTINGPAGE-PAGE1.json */; };
/* End PBXBuildFile section */

/* Begin PBXFileReference section */
		43CCEF90284476920061E894 /* Movie DIrectory.app */ = {isa = PBXFileReference; explicitFileType = wrapper.application; includeInIndex = 0; path = "Movie DIrectory.app"; sourceTree = BUILT_PRODUCTS_DIR; };
		43CCEF93284476920061E894 /* AppDelegate.swift */ = {isa = PBXFileReference; lastKnownFileType = sourcecode.swift; path = AppDelegate.swift; sourceTree = "<group>"; };
		43CCEF95284476920061E894 /* SceneDelegate.swift */ = {isa = PBXFileReference; lastKnownFileType = sourcecode.swift; path = SceneDelegate.swift; sourceTree = "<group>"; };
		43CCEF97284476920061E894 /* ViewController.swift */ = {isa = PBXFileReference; lastKnownFileType = sourcecode.swift; path = ViewController.swift; sourceTree = "<group>"; };
		43CCEF9A284476920061E894 /* Base */ = {isa = PBXFileReference; lastKnownFileType = file.storyboard; name = Base; path = Base.lproj/Main.storyboard; sourceTree = "<group>"; };
		43CCEF9C284476980061E894 /* Assets.xcassets */ = {isa = PBXFileReference; lastKnownFileType = folder.assetcatalog; path = Assets.xcassets; sourceTree = "<group>"; };
		43CCEF9F284476980061E894 /* Base */ = {isa = PBXFileReference; lastKnownFileType = file.storyboard; name = Base; path = Base.lproj/LaunchScreen.storyboard; sourceTree = "<group>"; };
		43CCEFA1284476980061E894 /* Info.plist */ = {isa = PBXFileReference; lastKnownFileType = text.plist.xml; path = Info.plist; sourceTree = "<group>"; };
		43CCEFAA284479840061E894 /* MovieListCollectionViewCell.swift */ = {isa = PBXFileReference; lastKnownFileType = sourcecode.swift; path = MovieListCollectionViewCell.swift; sourceTree = "<group>"; };
		43CCEFAB284479840061E894 /* MovieListCollectionViewCell.xib */ = {isa = PBXFileReference; lastKnownFileType = file.xib; path = MovieListCollectionViewCell.xib; sourceTree = "<group>"; };
		43CCEFAE28447BAC0061E894 /* MovieListModel.swift */ = {isa = PBXFileReference; lastKnownFileType = sourcecode.swift; path = MovieListModel.swift; sourceTree = "<group>"; };
		43CCEFB228447D680061E894 /* CONTENTLISTINGPAGE-PAGE3.json */ = {isa = PBXFileReference; fileEncoding = 4; lastKnownFileType = text.json; path = "CONTENTLISTINGPAGE-PAGE3.json"; sourceTree = "<group>"; };
		43CCEFB428447D680061E894 /* CONTENTLISTINGPAGE-PAGE2.json */ = {isa = PBXFileReference; fileEncoding = 4; lastKnownFileType = text.json; path = "CONTENTLISTINGPAGE-PAGE2.json"; sourceTree = "<group>"; };
		43CCEFB9284485640061E894 /* CONTENTLISTINGPAGE-PAGE1.json */ = {isa = PBXFileReference; fileEncoding = 4; lastKnownFileType = text.json; path = "CONTENTLISTINGPAGE-PAGE1.json"; sourceTree = "<group>"; };
/* End PBXFileReference section */

/* Begin PBXFrameworksBuildPhase section */
		43CCEF8D284476920061E894 /* Frameworks */ = {
			isa = PBXFrameworksBuildPhase;
			buildActionMask = 2147483647;
			files = (
			);
			runOnlyForDeploymentPostprocessing = 0;
		};
/* End PBXFrameworksBuildPhase section */

/* Begin PBXGroup section */
		43CCEF87284476920061E894 = {
			isa = PBXGroup;
			children = (
				43CCEF92284476920061E894 /* Movie DIrectory */,
				43CCEF91284476920061E894 /* Products */,
			);
			sourceTree = "<group>";
		};
		43CCEF91284476920061E894 /* Products */ = {
			isa = PBXGroup;
			children = (
				43CCEF90284476920061E894 /* Movie DIrectory.app */,
			);
			name = Products;
			sourceTree = "<group>";
		};
		43CCEF92284476920061E894 /* Movie DIrectory */ = {
			isa = PBXGroup;
			children = (
				43CCEF93284476920061E894 /* AppDelegate.swift */,
				43CCEF95284476920061E894 /* SceneDelegate.swift */,
				43CCEFB428447D680061E894 /* CONTENTLISTINGPAGE-PAGE2.json */,
				43CCEFB9284485640061E894 /* CONTENTLISTINGPAGE-PAGE1.json */,
				43CCEFB228447D680061E894 /* CONTENTLISTINGPAGE-PAGE3.json */,
				43CCEFB128447D310061E894 /* API */,
				43CCEFA82844790A0061E894 /* Model */,
				43CCEFA7284478FE0061E894 /* ViewController */,
				43CCEF99284476920061E894 /* Main.storyboard */,
				43CCEF9C284476980061E894 /* Assets.xcassets */,
				43CCEF9E284476980061E894 /* LaunchScreen.storyboard */,
				43CCEFA1284476980061E894 /* Info.plist */,
			);
			path = "Movie DIrectory";
			sourceTree = "<group>";
		};
		43CCEFA7284478FE0061E894 /* ViewController */ = {
			isa = PBXGroup;
			children = (
				43CCEFA9284479210061E894 /* CollectionVIewCell */,
				43CCEF97284476920061E894 /* ViewController.swift */,
			);
			path = ViewController;
			sourceTree = "<group>";
		};
		43CCEFA82844790A0061E894 /* Model */ = {
			isa = PBXGroup;
			children = (
				43CCEFAE28447BAC0061E894 /* MovieListModel.swift */,
			);
			path = Model;
			sourceTree = "<group>";
		};
		43CCEFA9284479210061E894 /* CollectionVIewCell */ = {
			isa = PBXGroup;
			children = (
				43CCEFAA284479840061E894 /* MovieListCollectionViewCell.swift */,
				43CCEFAB284479840061E894 /* MovieListCollectionViewCell.xib */,
			);
			path = CollectionVIewCell;
			sourceTree = "<group>";
		};
		43CCEFB128447D310061E894 /* API */ = {
			isa = PBXGroup;
			children = (
			);
			path = API;
			sourceTree = "<group>";
		};
/* End PBXGroup section */

/* Begin PBXNativeTarget section */
		43CCEF8F284476920061E894 /* Movie DIrectory */ = {
			isa = PBXNativeTarget;
			buildConfigurationList = 43CCEFA4284476980061E894 /* Build configuration list for PBXNativeTarget "Movie DIrectory" */;
			buildPhases = (
				43CCEF8C284476920061E894 /* Sources */,
				43CCEF8D284476920061E894 /* Frameworks */,
				43CCEF8E284476920061E894 /* Resources */,
			);
			buildRules = (
			);
			dependencies = (
			);
			name = "Movie DIrectory";
			productName = "Movie DIrectory";
			productReference = 43CCEF90284476920061E894 /* Movie DIrectory.app */;
			productType = "com.apple.product-type.application";
		};
/* End PBXNativeTarget section */

/* Begin PBXProject section */
		43CCEF88284476920061E894 /* Project object */ = {
			isa = PBXProject;
			attributes = {
				BuildIndependentTargetsInParallel = 1;
				LastSwiftUpdateCheck = 1330;
				LastUpgradeCheck = 1330;
				TargetAttributes = {
					43CCEF8F284476920061E894 = {
						CreatedOnToolsVersion = 13.3;
					};
				};
			};
			buildConfigurationList = 43CCEF8B284476920061E894 /* Build configuration list for PBXProject "Movie DIrectory" */;
			compatibilityVersion = "Xcode 13.0";
			developmentRegion = en;
			hasScannedForEncodings = 0;
			knownRegions = (
				en,
				Base,
			);
			mainGroup = 43CCEF87284476920061E894;
			productRefGroup = 43CCEF91284476920061E894 /* Products */;
			projectDirPath = "";
			projectRoot = "";
			targets = (
				43CCEF8F284476920061E894 /* Movie DIrectory */,
			);
		};
/* End PBXProject section */

/* Begin PBXResourcesBuildPhase section */
		43CCEF8E284476920061E894 /* Resources */ = {
			isa = PBXResourcesBuildPhase;
			buildActionMask = 2147483647;
			files = (
				43CCEFA0284476980061E894 /* LaunchScreen.storyboard in Resources */,
				43CCEFB528447D680061E894 /* CONTENTLISTINGPAGE-PAGE3.json in Resources */,
				43CCEF9D284476980061E894 /* Assets.xcassets in Resources */,
				43CCEFB728447D680061E894 /* CONTENTLISTINGPAGE-PAGE2.json in Resources */,
				43CCEF9B284476920061E894 /* Main.storyboard in Resources */,
				43CCEFBA284485640061E894 /* CONTENTLISTINGPAGE-PAGE1.json in Resources */,
				43CCEFAD284479840061E894 /* MovieListCollectionViewCell.xib in Resources */,
			);
			runOnlyForDeploymentPostprocessing = 0;
		};
/* End PBXResourcesBuildPhase section */

/* Begin PBXSourcesBuildPhase section */
		43CCEF8C284476920061E894 /* Sources */ = {
			isa = PBXSourcesBuildPhase;
			buildActionMask = 2147483647;
			files = (
				43CCEF98284476920061E894 /* ViewController.swift in Sources */,
				43CCEFAF28447BAC0061E894 /* MovieListModel.swift in Sources */,
				43CCEFAC284479840061E894 /* MovieListCollectionViewCell.swift in Sources */,
				43CCEF94284476920061E894 /* AppDelegate.swift in Sources */,
				43CCEF96284476920061E894 /* SceneDelegate.swift in Sources */,
			);
			runOnlyForDeploymentPostprocessing = 0;
		};
/* End PBXSourcesBuildPhase section */

/* Begin PBXVariantGroup section */
		43CCEF99284476920061E894 /* Main.storyboard */ = {
			isa = PBXVariantGroup;
			children = (
				43CCEF9A284476920061E894 /* Base */,
			);
			name = Main.storyboard;
			sourceTree = "<group>";
		};
		43CCEF9E284476980061E894 /* LaunchScreen.storyboard */ = {
			isa = PBXVariantGroup;
			children = (
				43CCEF9F284476980061E894 /* Base */,
			);
			name = LaunchScreen.storyboard;
			sourceTree = "<group>";
		};
/* End PBXVariantGroup section */

/* Begin XCBuildConfiguration section */
		43CCEFA2284476980061E894 /* Debug */ = {
			isa = XCBuildConfiguration;
			buildSettings = {
				ALWAYS_SEARCH_USER_PATHS = NO;
				CLANG_ANALYZER_NONNULL = YES;
				CLANG_ANALYZER_NUMBER_OBJECT_CONVERSION = YES_AGGRESSIVE;
				CLANG_CXX_LANGUAGE_STANDARD = "gnu++17";
				CLANG_ENABLE_MODULES = YES;
				CLANG_ENABLE_OBJC_ARC = YES;
				CLANG_ENABLE_OBJC_WEAK = YES;
				CLANG_WARN_BLOCK_CAPTURE_AUTORELEASING = YES;
				CLANG_WARN_BOOL_CONVERSION = YES;
				CLANG_WARN_COMMA = YES;
				CLANG_WARN_CONSTANT_CONVERSION = YES;
				CLANG_WARN_DEPRECATED_OBJC_IMPLEMENTATIONS = YES;
				CLANG_WARN_DIRECT_OBJC_ISA_USAGE = YES_ERROR;
				CLANG_WARN_DOCUMENTATION_COMMENTS = YES;
				CLANG_WARN_EMPTY_BODY = YES;
				CLANG_WARN_ENUM_CONVERSION = YES;
				CLANG_WARN_INFINITE_RECURSION = YES;
				CLANG_WARN_INT_CONVERSION = YES;
				CLANG_WARN_NON_LITERAL_NULL_CONVERSION = YES;
				CLANG_WARN_OBJC_IMPLICIT_RETAIN_SELF = YES;
				CLANG_WARN_OBJC_LITERAL_CONVERSION = YES;
				CLANG_WARN_OBJC_ROOT_CLASS = YES_ERROR;
				CLANG_WARN_QUOTED_INCLUDE_IN_FRAMEWORK_HEADER = YES;
				CLANG_WARN_RANGE_LOOP_ANALYSIS = YES;
				CLANG_WARN_STRICT_PROTOTYPES = YES;
				CLANG_WARN_SUSPICIOUS_MOVE = YES;
				CLANG_WARN_UNGUARDED_AVAILABILITY = YES_AGGRESSIVE;
				CLANG_WARN_UNREACHABLE_CODE = YES;
				CLANG_WARN__DUPLICATE_METHOD_MATCH = YES;
				COPY_PHASE_STRIP = NO;
				DEBUG_INFORMATION_FORMAT = dwarf;
				ENABLE_STRICT_OBJC_MSGSEND = YES;
				ENABLE_TESTABILITY = YES;
				GCC_C_LANGUAGE_STANDARD = gnu11;
				GCC_DYNAMIC_NO_PIC = NO;
				GCC_NO_COMMON_BLOCKS = YES;
				GCC_OPTIMIZATION_LEVEL = 0;
				GCC_PREPROCESSOR_DEFINITIONS = (
					"DEBUG=1",
					"$(inherited)",
				);
				GCC_WARN_64_TO_32_BIT_CONVERSION = YES;
				GCC_WARN_ABOUT_RETURN_TYPE = YES_ERROR;
				GCC_WARN_UNDECLARED_SELECTOR = YES;
				GCC_WARN_UNINITIALIZED_AUTOS = YES_AGGRESSIVE;
				GCC_WARN_UNUSED_FUNCTION = YES;
				GCC_WARN_UNUSED_VARIABLE = YES;
				IPHONEOS_DEPLOYMENT_TARGET = 15.4;
				MTL_ENABLE_DEBUG_INFO = INCLUDE_SOURCE;
				MTL_FAST_MATH = YES;
				ONLY_ACTIVE_ARCH = YES;
				SDKROOT = iphoneos;
				SWIFT_ACTIVE_COMPILATION_CONDITIONS = DEBUG;
				SWIFT_OPTIMIZATION_LEVEL = "-Onone";
			};
			name = Debug;
		};
		43CCEFA3284476980061E894 /* Release */ = {
			isa = XCBuildConfiguration;
			buildSettings = {
				ALWAYS_SEARCH_USER_PATHS = NO;
				CLANG_ANALYZER_NONNULL = YES;
				CLANG_ANALYZER_NUMBER_OBJECT_CONVERSION = YES_AGGRESSIVE;
				CLANG_CXX_LANGUAGE_STANDARD = "gnu++17";
				CLANG_ENABLE_MODULES = YES;
				CLANG_ENABLE_OBJC_ARC = YES;
				CLANG_ENABLE_OBJC_WEAK = YES;
				CLANG_WARN_BLOCK_CAPTURE_AUTORELEASING = YES;
				CLANG_WARN_BOOL_CONVERSION = YES;
				CLANG_WARN_COMMA = YES;
				CLANG_WARN_CONSTANT_CONVERSION = YES;
				CLANG_WARN_DEPRECATED_OBJC_IMPLEMENTATIONS = YES;
				CLANG_WARN_DIRECT_OBJC_ISA_USAGE = YES_ERROR;
				CLANG_WARN_DOCUMENTATION_COMMENTS = YES;
				CLANG_WARN_EMPTY_BODY = YES;
				CLANG_WARN_ENUM_CONVERSION = YES;
				CLANG_WARN_INFINITE_RECURSION = YES;
				CLANG_WARN_INT_CONVERSION = YES;
				CLANG_WARN_NON_LITERAL_NULL_CONVERSION = YES;
				CLANG_WARN_OBJC_IMPLICIT_RETAIN_SELF = YES;
				CLANG_WARN_OBJC_LITERAL_CONVERSION = YES;
				CLANG_WARN_OBJC_ROOT_CLASS = YES_ERROR;
				CLANG_WARN_QUOTED_INCLUDE_IN_FRAMEWORK_HEADER = YES;
				CLANG_WARN_RANGE_LOOP_ANALYSIS = YES;
				CLANG_WARN_STRICT_PROTOTYPES = YES;
				CLANG_WARN_SUSPICIOUS_MOVE = YES;
				CLANG_WARN_UNGUARDED_AVAILABILITY = YES_AGGRESSIVE;
				CLANG_WARN_UNREACHABLE_CODE = YES;
				CLANG_WARN__DUPLICATE_METHOD_MATCH = YES;
				COPY_PHASE_STRIP = NO;
				DEBUG_INFORMATION_FORMAT = "dwarf-with-dsym";
				ENABLE_NS_ASSERTIONS = NO;
				ENABLE_STRICT_OBJC_MSGSEND = YES;
				GCC_C_LANGUAGE_STANDARD = gnu11;
				GCC_NO_COMMON_BLOCKS = YES;
				GCC_WARN_64_TO_32_BIT_CONVERSION = YES;
				GCC_WARN_ABOUT_RETURN_TYPE = YES_ERROR;
				GCC_WARN_UNDECLARED_SELECTOR = YES;
				GCC_WARN_UNINITIALIZED_AUTOS = YES_AGGRESSIVE;
				GCC_WARN_UNUSED_FUNCTION = YES;
				GCC_WARN_UNUSED_VARIABLE = YES;
				IPHONEOS_DEPLOYMENT_TARGET = 15.4;
				MTL_ENABLE_DEBUG_INFO = NO;
				MTL_FAST_MATH = YES;
				SDKROOT = iphoneos;
				SWIFT_COMPILATION_MODE = wholemodule;
				SWIFT_OPTIMIZATION_LEVEL = "-O";
				VALIDATE_PRODUCT = YES;
			};
			name = Release;
		};
		43CCEFA5284476980061E894 /* Debug */ = {
			isa = XCBuildConfiguration;
			buildSettings = {
				ASSETCATALOG_COMPILER_APPICON_NAME = "AppIcon-1";
				ASSETCATALOG_COMPILER_GLOBAL_ACCENT_COLOR_NAME = AccentColor;
				CODE_SIGN_STYLE = Automatic;
				CURRENT_PROJECT_VERSION = 1;
				DEVELOPMENT_TEAM = VC4RKNFAB4;
				GENERATE_INFOPLIST_FILE = YES;
				INFOPLIST_FILE = "Movie DIrectory/Info.plist";
				INFOPLIST_KEY_UIApplicationSupportsIndirectInputEvents = YES;
				INFOPLIST_KEY_UILaunchStoryboardName = LaunchScreen;
				INFOPLIST_KEY_UIMainStoryboardFile = Main;
				INFOPLIST_KEY_UISupportedInterfaceOrientations_iPad = "UIInterfaceOrientationPortrait UIInterfaceOrientationPortraitUpsideDown UIInterfaceOrientationLandscapeLeft UIInterfaceOrientationLandscapeRight";
				INFOPLIST_KEY_UISupportedInterfaceOrientations_iPhone = "UIInterfaceOrientationPortrait UIInterfaceOrientationLandscapeLeft UIInterfaceOrientationLandscapeRight";
				LD_RUNPATH_SEARCH_PATHS = (
					"$(inherited)",
					"@executable_path/Frameworks",
				);
				MARKETING_VERSION = 1.0;
				PRODUCT_BUNDLE_IDENTIFIER = "in.zedone.Movie-DIrectory";
				PRODUCT_NAME = "$(TARGET_NAME)";
				SWIFT_EMIT_LOC_STRINGS = YES;
				SWIFT_VERSION = 5.0;
				TARGETED_DEVICE_FAMILY = "1,2";
			};
			name = Debug;
		};
		43CCEFA6284476980061E894 /* Release */ = {
			isa = XCBuildConfiguration;
			buildSettings = {
				ASSETCATALOG_COMPILER_APPICON_NAME = "AppIcon-1";
				ASSETCATALOG_COMPILER_GLOBAL_ACCENT_COLOR_NAME = AccentColor;
				CODE_SIGN_STYLE = Automatic;
				CURRENT_PROJECT_VERSION = 1;
				DEVELOPMENT_TEAM = VC4RKNFAB4;
				GENERATE_INFOPLIST_FILE = YES;
				INFOPLIST_FILE = "Movie DIrectory/Info.plist";
				INFOPLIST_KEY_UIApplicationSupportsIndirectInputEvents = YES;
				INFOPLIST_KEY_UILaunchStoryboardName = LaunchScreen;
				INFOPLIST_KEY_UIMainStoryboardFile = Main;
				INFOPLIST_KEY_UISupportedInterfaceOrientations_iPad = "UIInterfaceOrientationPortrait UIInterfaceOrientationPortraitUpsideDown UIInterfaceOrientationLandscapeLeft UIInterfaceOrientationLandscapeRight";
				INFOPLIST_KEY_UISupportedInterfaceOrientations_iPhone = "UIInterfaceOrientationPortrait UIInterfaceOrientationLandscapeLeft UIInterfaceOrientationLandscapeRight";
				LD_RUNPATH_SEARCH_PATHS = (
					"$(inherited)",
					"@executable_path/Frameworks",
				);
				MARKETING_VERSION = 1.0;
				PRODUCT_BUNDLE_IDENTIFIER = "in.zedone.Movie-DIrectory";
				PRODUCT_NAME = "$(TARGET_NAME)";
				SWIFT_EMIT_LOC_STRINGS = YES;
				SWIFT_VERSION = 5.0;
				TARGETED_DEVICE_FAMILY = "1,2";
			};
			name = Release;
		};
/* End XCBuildConfiguration section */

/* Begin XCConfigurationList section */
		43CCEF8B284476920061E894 /* Build configuration list for PBXProject "Movie DIrectory" */ = {
			isa = XCConfigurationList;
			buildConfigurations = (
				43CCEFA2284476980061E894 /* Debug */,
				43CCEFA3284476980061E894 /* Release */,
			);
			defaultConfigurationIsVisible = 0;
			defaultConfigurationName = Release;
		};
		43CCEFA4284476980061E894 /* Build configuration list for PBXNativeTarget "Movie DIrectory" */ = {
			isa = XCConfigurationList;
			buildConfigurations = (
				43CCEFA5284476980061E894 /* Debug */,
				43CCEFA6284476980061E894 /* Release */,
			);
			defaultConfigurationIsVisible = 0;
			defaultConfigurationName = Release;
		};
/* End XCConfigurationList section */
	};
	rootObject = 43CCEF88284476920061E894 /* Project object */;
}
